// !$*UTF8*$!
{
	archiveVersion = 1;
	classes = {
	};
	objectVersion = 48;
	objects = {

/* Begin PBXBuildFile section */
		17A0333C2F6A9F4A469BBE3E /* libPods-AXRecharge.a in Frameworks */ = {isa = PBXBuildFile; fileRef = 5C630EE98F7FEFBAD0CFFA3D /* libPods-AXRecharge.a */; };
		7E7CB6C21F948E9800B54BA7 /* AppDelegate.m in Sources */ = {isa = PBXBuildFile; fileRef = 7E7CB6C11F948E9800B54BA7 /* AppDelegate.m */; };
		7E7CB6C51F948E9800B54BA7 /* ViewController.m in Sources */ = {isa = PBXBuildFile; fileRef = 7E7CB6C41F948E9800B54BA7 /* ViewController.m */; };
		7E7CB6C81F948E9800B54BA7 /* Main.storyboard in Resources */ = {isa = PBXBuildFile; fileRef = 7E7CB6C61F948E9800B54BA7 /* Main.storyboard */; };
		7E7CB6CA1F948E9800B54BA7 /* Assets.xcassets in Resources */ = {isa = PBXBuildFile; fileRef = 7E7CB6C91F948E9800B54BA7 /* Assets.xcassets */; };
		7E7CB6CD1F948E9800B54BA7 /* LaunchScreen.storyboard in Resources */ = {isa = PBXBuildFile; fileRef = 7E7CB6CB1F948E9800B54BA7 /* LaunchScreen.storyboard */; };
		7E7CB6D01F948E9800B54BA7 /* main.m in Sources */ = {isa = PBXBuildFile; fileRef = 7E7CB6CF1F948E9800B54BA7 /* main.m */; };
		7E7CB6DE1F94A2DB00B54BA7 /* Target_Recharge.m in Sources */ = {isa = PBXBuildFile; fileRef = 7E7CB6DD1F94A2DB00B54BA7 /* Target_Recharge.m */; };
		7E7CB6E11F94A31100B54BA7 /* CTMediator+Recharge.m in Sources */ = {isa = PBXBuildFile; fileRef = 7E7CB6E01F94A31100B54BA7 /* CTMediator+Recharge.m */; };
		7E7CB6E41F94A39700B54BA7 /* RechargeViewController.m in Sources */ = {isa = PBXBuildFile; fileRef = 7E7CB6E21F94A39700B54BA7 /* RechargeViewController.m */; };
/* End PBXBuildFile section */

/* Begin PBXFileReference section */
		5C630EE98F7FEFBAD0CFFA3D /* libPods-AXRecharge.a */ = {isa = PBXFileReference; explicitFileType = archive.ar; includeInIndex = 0; path = "libPods-AXRecharge.a"; sourceTree = BUILT_PRODUCTS_DIR; };
		7E7CB6BD1F948E9800B54BA7 /* AXRecharge.app */ = {isa = PBXFileReference; explicitFileType = wrapper.application; includeInIndex = 0; path = AXRecharge.app; sourceTree = BUILT_PRODUCTS_DIR; };
		7E7CB6C01F948E9800B54BA7 /* AppDelegate.h */ = {isa = PBXFileReference; lastKnownFileType = sourcecode.c.h; path = AppDelegate.h; sourceTree = "<group>"; };
		7E7CB6C11F948E9800B54BA7 /* AppDelegate.m */ = {isa = PBXFileReference; lastKnownFileType = sourcecode.c.objc; path = AppDelegate.m; sourceTree = "<group>"; };
		7E7CB6C31F948E9800B54BA7 /* ViewController.h */ = {isa = PBXFileReference; lastKnownFileType = sourcecode.c.h; path = ViewController.h; sourceTree = "<group>"; };
		7E7CB6C41F948E9800B54BA7 /* ViewController.m */ = {isa = PBXFileReference; lastKnownFileType = sourcecode.c.objc; path = ViewController.m; sourceTree = "<group>"; };
		7E7CB6C71F948E9800B54BA7 /* Base */ = {isa = PBXFileReference; lastKnownFileType = file.storyboard; name = Base; path = Base.lproj/Main.storyboard; sourceTree = "<group>"; };
		7E7CB6C91F948E9800B54BA7 /* Assets.xcassets */ = {isa = PBXFileReference; lastKnownFileType = folder.assetcatalog; path = Assets.xcassets; sourceTree = "<group>"; };
		7E7CB6CC1F948E9800B54BA7 /* Base */ = {isa = PBXFileReference; lastKnownFileType = file.storyboard; name = Base; path = Base.lproj/LaunchScreen.storyboard; sourceTree = "<group>"; };
		7E7CB6CE1F948E9800B54BA7 /* Info.plist */ = {isa = PBXFileReference; lastKnownFileType = text.plist.xml; path = Info.plist; sourceTree = "<group>"; };
		7E7CB6CF1F948E9800B54BA7 /* main.m */ = {isa = PBXFileReference; lastKnownFileType = sourcecode.c.objc; path = main.m; sourceTree = "<group>"; };
		7E7CB6DC1F94A2DB00B54BA7 /* Target_Recharge.h */ = {isa = PBXFileReference; lastKnownFileType = sourcecode.c.h; path = Target_Recharge.h; sourceTree = "<group>"; };
		7E7CB6DD1F94A2DB00B54BA7 /* Target_Recharge.m */ = {isa = PBXFileReference; lastKnownFileType = sourcecode.c.objc; path = Target_Recharge.m; sourceTree = "<group>"; };
		7E7CB6DF1F94A31100B54BA7 /* CTMediator+Recharge.h */ = {isa = PBXFileReference; lastKnownFileType = sourcecode.c.h; path = "CTMediator+Recharge.h"; sourceTree = "<group>"; };
		7E7CB6E01F94A31100B54BA7 /* CTMediator+Recharge.m */ = {isa = PBXFileReference; lastKnownFileType = sourcecode.c.objc; path = "CTMediator+Recharge.m"; sourceTree = "<group>"; };
		7E7CB6E21F94A39700B54BA7 /* RechargeViewController.m */ = {isa = PBXFileReference; fileEncoding = 4; lastKnownFileType = sourcecode.c.objc; path = RechargeViewController.m; sourceTree = "<group>"; };
		7E7CB6E31F94A39700B54BA7 /* RechargeViewController.h */ = {isa = PBXFileReference; fileEncoding = 4; lastKnownFileType = sourcecode.c.h; path = RechargeViewController.h; sourceTree = "<group>"; };
		E994B2C88A0DFC7F349DABF8 /* Pods-AXRecharge.release.xcconfig */ = {isa = PBXFileReference; includeInIndex = 1; lastKnownFileType = text.xcconfig; name = "Pods-AXRecharge.release.xcconfig"; path = "Pods/Target Support Files/Pods-AXRecharge/Pods-AXRecharge.release.xcconfig"; sourceTree = "<group>"; };
		FF2781EC87A40E9D954183BC /* Pods-AXRecharge.debug.xcconfig */ = {isa = PBXFileReference; includeInIndex = 1; lastKnownFileType = text.xcconfig; name = "Pods-AXRecharge.debug.xcconfig"; path = "Pods/Target Support Files/Pods-AXRecharge/Pods-AXRecharge.debug.xcconfig"; sourceTree = "<group>"; };
/* End PBXFileReference section */

/* Begin PBXFrameworksBuildPhase section */
		7E7CB6BA1F948E9800B54BA7 /* Frameworks */ = {
			isa = PBXFrameworksBuildPhase;
			buildActionMask = 2147483647;
			files = (
				17A0333C2F6A9F4A469BBE3E /* libPods-AXRecharge.a in Frameworks */,
			);
			runOnlyForDeploymentPostprocessing = 0;
		};
/* End PBXFrameworksBuildPhase section */

/* Begin PBXGroup section */
		1E072C7659C2FBABCDEFFBEB /* Frameworks */ = {
			isa = PBXGroup;
			children = (
				5C630EE98F7FEFBAD0CFFA3D /* libPods-AXRecharge.a */,
			);
			name = Frameworks;
			sourceTree = "<group>";
		};
		5B5F9F859FBC49EBBBE6C169 /* Pods */ = {
			isa = PBXGroup;
			children = (
				FF2781EC87A40E9D954183BC /* Pods-AXRecharge.debug.xcconfig */,
				E994B2C88A0DFC7F349DABF8 /* Pods-AXRecharge.release.xcconfig */,
			);
			name = Pods;
			sourceTree = "<group>";
		};
		7E7CB6B41F948E9800B54BA7 = {
			isa = PBXGroup;
			children = (
				7E7CB6BF1F948E9800B54BA7 /* AXRecharge */,
				7E7CB6BE1F948E9800B54BA7 /* Products */,
				5B5F9F859FBC49EBBBE6C169 /* Pods */,
				1E072C7659C2FBABCDEFFBEB /* Frameworks */,
			);
			sourceTree = "<group>";
		};
		7E7CB6BE1F948E9800B54BA7 /* Products */ = {
			isa = PBXGroup;
			children = (
				7E7CB6BD1F948E9800B54BA7 /* AXRecharge.app */,
			);
			name = Products;
			sourceTree = "<group>";
		};
		7E7CB6BF1F948E9800B54BA7 /* AXRecharge */ = {
			isa = PBXGroup;
			children = (
				7E7CB6C01F948E9800B54BA7 /* AppDelegate.h */,
				7E7CB6C11F948E9800B54BA7 /* AppDelegate.m */,
				7E7CB6C31F948E9800B54BA7 /* ViewController.h */,
				7E7CB6C41F948E9800B54BA7 /* ViewController.m */,
				7E7CB6D61F948F3A00B54BA7 /* AXRecharge */,
				7E7CB6C61F948E9800B54BA7 /* Main.storyboard */,
				7E7CB6C91F948E9800B54BA7 /* Assets.xcassets */,
				7E7CB6CB1F948E9800B54BA7 /* LaunchScreen.storyboard */,
				7E7CB6CE1F948E9800B54BA7 /* Info.plist */,
				7E7CB6CF1F948E9800B54BA7 /* main.m */,
			);
			path = AXRecharge;
			sourceTree = "<group>";
		};
		7E7CB6D61F948F3A00B54BA7 /* AXRecharge */ = {
			isa = PBXGroup;
			children = (
				7E7CB6DB1F949E8F00B54BA7 /* CTMediatorCategory */,
				7E7CB6DA1F949E6100B54BA7 /* ViewControllers */,
			);
			path = AXRecharge;
			sourceTree = "<group>";
		};
		7E7CB6DA1F949E6100B54BA7 /* ViewControllers */ = {
			isa = PBXGroup;
			children = (
				7E7CB6E31F94A39700B54BA7 /* RechargeViewController.h */,
				7E7CB6E21F94A39700B54BA7 /* RechargeViewController.m */,
			);
			path = ViewControllers;
			sourceTree = "<group>";
		};
		7E7CB6DB1F949E8F00B54BA7 /* CTMediatorCategory */ = {
			isa = PBXGroup;
			children = (
				7E7CB6DC1F94A2DB00B54BA7 /* Target_Recharge.h */,
				7E7CB6DD1F94A2DB00B54BA7 /* Target_Recharge.m */,
				7E7CB6DF1F94A31100B54BA7 /* CTMediator+Recharge.h */,
				7E7CB6E01F94A31100B54BA7 /* CTMediator+Recharge.m */,
			);
			path = CTMediatorCategory;
			sourceTree = "<group>";
		};
/* End PBXGroup section */

/* Begin PBXNativeTarget section */
		7E7CB6BC1F948E9800B54BA7 /* AXRecharge */ = {
			isa = PBXNativeTarget;
			buildConfigurationList = 7E7CB6D31F948E9800B54BA7 /* Build configuration list for PBXNativeTarget "AXRecharge" */;
			buildPhases = (
				C7E9C4A2A3891A1E3E883F13 /* [CP] Check Pods Manifest.lock */,
				7E7CB6B91F948E9800B54BA7 /* Sources */,
				7E7CB6BA1F948E9800B54BA7 /* Frameworks */,
				7E7CB6BB1F948E9800B54BA7 /* Resources */,
				2A4206CD98BBC06357B03CAD /* [CP] Embed Pods Frameworks */,
				26DDA47B41E883B721105859 /* [CP] Copy Pods Resources */,
			);
			buildRules = (
			);
			dependencies = (
			);
			name = AXRecharge;
			productName = AXRecharge;
			productReference = 7E7CB6BD1F948E9800B54BA7 /* AXRecharge.app */;
			productType = "com.apple.product-type.application";
		};
/* End PBXNativeTarget section */

/* Begin PBXProject section */
		7E7CB6B51F948E9800B54BA7 /* Project object */ = {
			isa = PBXProject;
			attributes = {
				LastUpgradeCheck = 0900;
				ORGANIZATIONNAME = anxindeli;
				TargetAttributes = {
					7E7CB6BC1F948E9800B54BA7 = {
						CreatedOnToolsVersion = 9.0;
						ProvisioningStyle = Automatic;
					};
				};
			};
			buildConfigurationList = 7E7CB6B81F948E9800B54BA7 /* Build configuration list for PBXProject "AXRecharge" */;
			compatibilityVersion = "Xcode 8.0";
			developmentRegion = en;
			hasScannedForEncodings = 0;
			knownRegions = (
				en,
				Base,
			);
			mainGroup = 7E7CB6B41F948E9800B54BA7;
			productRefGroup = 7E7CB6BE1F948E9800B54BA7 /* Products */;
			projectDirPath = "";
			projectRoot = "";
			targets = (
				7E7CB6BC1F948E9800B54BA7 /* AXRecharge */,
			);
		};
/* End PBXProject section */

/* Begin PBXResourcesBuildPhase section */
		7E7CB6BB1F948E9800B54BA7 /* Resources */ = {
			isa = PBXResourcesBuildPhase;
			buildActionMask = 2147483647;
			files = (
				7E7CB6CD1F948E9800B54BA7 /* LaunchScreen.storyboard in Resources */,
				7E7CB6CA1F948E9800B54BA7 /* Assets.xcassets in Resources */,
				7E7CB6C81F948E9800B54BA7 /* Main.storyboard in Resources */,
			);
			runOnlyForDeploymentPostprocessing = 0;
		};
/* End PBXResourcesBuildPhase section */

/* Begin PBXShellScriptBuildPhase section */
		26DDA47B41E883B721105859 /* [CP] Copy Pods Resources */ = {
			isa = PBXShellScriptBuildPhase;
			buildActionMask = 2147483647;
			files = (
			);
			inputPaths = (
			);
			name = "[CP] Copy Pods Resources";
			outputPaths = (
			);
			runOnlyForDeploymentPostprocessing = 0;
			shellPath = /bin/sh;
			shellScript = "\"${SRCROOT}/Pods/Target Support Files/Pods-AXRecharge/Pods-AXRecharge-resources.sh\"\n";
			showEnvVarsInLog = 0;
		};
		2A4206CD98BBC06357B03CAD /* [CP] Embed Pods Frameworks */ = {
			isa = PBXShellScriptBuildPhase;
			buildActionMask = 2147483647;
			files = (
			);
			inputPaths = (
			);
			name = "[CP] Embed Pods Frameworks";
			outputPaths = (
			);
			runOnlyForDeploymentPostprocessing = 0;
			shellPath = /bin/sh;
			shellScript = "\"${SRCROOT}/Pods/Target Support Files/Pods-AXRecharge/Pods-AXRecharge-frameworks.sh\"\n";
			showEnvVarsInLog = 0;
		};
		C7E9C4A2A3891A1E3E883F13 /* [CP] Check Pods Manifest.lock */ = {
			isa = PBXShellScriptBuildPhase;
			buildActionMask = 2147483647;
			files = (
			);
			inputPaths = (
				"${PODS_PODFILE_DIR_PATH}/Podfile.lock",
				"${PODS_ROOT}/Manifest.lock",
			);
			name = "[CP] Check Pods Manifest.lock";
			outputPaths = (
				"$(DERIVED_FILE_DIR)/Pods-AXRecharge-checkManifestLockResult.txt",
			);
			runOnlyForDeploymentPostprocessing = 0;
			shellPath = /bin/sh;
			shellScript = "diff \"${PODS_PODFILE_DIR_PATH}/Podfile.lock\" \"${PODS_ROOT}/Manifest.lock\" > /dev/null\nif [ $? != 0 ] ; then\n    # print error to STDERR\n    echo \"error: The sandbox is not in sync with the Podfile.lock. Run 'pod install' or update your CocoaPods installation.\" >&2\n    exit 1\nfi\n# This output is used by Xcode 'outputs' to avoid re-running this script phase.\necho \"SUCCESS\" > \"${SCRIPT_OUTPUT_FILE_0}\"\n";
			showEnvVarsInLog = 0;
		};
/* End PBXShellScriptBuildPhase section */

/* Begin PBXSourcesBuildPhase section */
		7E7CB6B91F948E9800B54BA7 /* Sources */ = {
			isa = PBXSourcesBuildPhase;
			buildActionMask = 2147483647;
			files = (
				7E7CB6C51F948E9800B54BA7 /* ViewController.m in Sources */,
				7E7CB6E41F94A39700B54BA7 /* RechargeViewController.m in Sources */,
				7E7CB6E11F94A31100B54BA7 /* CTMediator+Recharge.m in Sources */,
				7E7CB6D01F948E9800B54BA7 /* main.m in Sources */,
				7E7CB6C21F948E9800B54BA7 /* AppDelegate.m in Sources */,
				7E7CB6DE1F94A2DB00B54BA7 /* Target_Recharge.m in Sources */,
			);
			runOnlyForDeploymentPostprocessing = 0;
		};
/* End PBXSourcesBuildPhase section */

/* Begin PBXVariantGroup section */
		7E7CB6C61F948E9800B54BA7 /* Main.storyboard */ = {
			isa = PBXVariantGroup;
			children = (
				7E7CB6C71F948E9800B54BA7 /* Base */,
			);
			name = Main.storyboard;
			sourceTree = "<group>";
		};
		7E7CB6CB1F948E9800B54BA7 /* LaunchScreen.storyboard */ = {
			isa = PBXVariantGroup;
			children = (
				7E7CB6CC1F948E9800B54BA7 /* Base */,
			);
			name = LaunchScreen.storyboard;
			sourceTree = "<group>";
		};
/* End PBXVariantGroup section */

/* Begin XCBuildConfiguration section */
		7E7CB6D11F948E9800B54BA7 /* Debug */ = {
			isa = XCBuildConfiguration;
			buildSettings = {
				ALWAYS_SEARCH_USER_PATHS = NO;
				CLANG_ANALYZER_NONNULL = YES;
				CLANG_ANALYZER_NUMBER_OBJECT_CONVERSION = YES_AGGRESSIVE;
				CLANG_CXX_LANGUAGE_STANDARD = "gnu++14";
				CLANG_CXX_LIBRARY = "libc++";
				CLANG_ENABLE_MODULES = YES;
				CLANG_ENABLE_OBJC_ARC = YES;
				CLANG_WARN_BLOCK_CAPTURE_AUTORELEASING = YES;
				CLANG_WARN_BOOL_CONVERSION = YES;
				CLANG_WARN_COMMA = YES;
				CLANG_WARN_CONSTANT_CONVERSION = YES;
				CLANG_WARN_DIRECT_OBJC_ISA_USAGE = YES_ERROR;
				CLANG_WARN_DOCUMENTATION_COMMENTS = YES;
				CLANG_WARN_EMPTY_BODY = YES;
				CLANG_WARN_ENUM_CONVERSION = YES;
				CLANG_WARN_INFINITE_RECURSION = YES;
				CLANG_WARN_INT_CONVERSION = YES;
				CLANG_WARN_NON_LITERAL_NULL_CONVERSION = YES;
				CLANG_WARN_OBJC_LITERAL_CONVERSION = YES;
				CLANG_WARN_OBJC_ROOT_CLASS = YES_ERROR;
				CLANG_WARN_RANGE_LOOP_ANALYSIS = YES;
				CLANG_WARN_STRICT_PROTOTYPES = YES;
				CLANG_WARN_SUSPICIOUS_MOVE = YES;
				CLANG_WARN_UNGUARDED_AVAILABILITY = YES_AGGRESSIVE;
				CLANG_WARN_UNREACHABLE_CODE = YES;
				CLANG_WARN__DUPLICATE_METHOD_MATCH = YES;
				CODE_SIGN_IDENTITY = "iPhone Developer";
				COPY_PHASE_STRIP = NO;
				DEBUG_INFORMATION_FORMAT = dwarf;
				ENABLE_STRICT_OBJC_MSGSEND = YES;
				ENABLE_TESTABILITY = YES;
				GCC_C_LANGUAGE_STANDARD = gnu11;
				GCC_DYNAMIC_NO_PIC = NO;
				GCC_NO_COMMON_BLOCKS = YES;
				GCC_OPTIMIZATION_LEVEL = 0;
				GCC_PREPROCESSOR_DEFINITIONS = (
					"DEBUG=1",
					"$(inherited)",
				);
				GCC_WARN_64_TO_32_BIT_CONVERSION = YES;
				GCC_WARN_ABOUT_RETURN_TYPE = YES_ERROR;
				GCC_WARN_UNDECLARED_SELECTOR = YES;
				GCC_WARN_UNINITIALIZED_AUTOS = YES_AGGRESSIVE;
				GCC_WARN_UNUSED_FUNCTION = YES;
				GCC_WARN_UNUSED_VARIABLE = YES;
				IPHONEOS_DEPLOYMENT_TARGET = 11.0;
				MTL_ENABLE_DEBUG_INFO = YES;
				ONLY_ACTIVE_ARCH = YES;
				SDKROOT = iphoneos;
			};
			name = Debug;
		};
		7E7CB6D21F948E9800B54BA7 /* Release */ = {
			isa = XCBuildConfiguration;
			buildSettings = {
				ALWAYS_SEARCH_USER_PATHS = NO;
				CLANG_ANALYZER_NONNULL = YES;
				CLANG_ANALYZER_NUMBER_OBJECT_CONVERSION = YES_AGGRESSIVE;
				CLANG_CXX_LANGUAGE_STANDARD = "gnu++14";
				CLANG_CXX_LIBRARY = "libc++";
				CLANG_ENABLE_MODULES = YES;
				CLANG_ENABLE_OBJC_ARC = YES;
				CLANG_WARN_BLOCK_CAPTURE_AUTORELEASING = YES;
				CLANG_WARN_BOOL_CONVERSION = YES;
				CLANG_WARN_COMMA = YES;
				CLANG_WARN_CONSTANT_CONVERSION = YES;
				CLANG_WARN_DIRECT_OBJC_ISA_USAGE = YES_ERROR;
				CLANG_WARN_DOCUMENTATION_COMMENTS = YES;
				CLANG_WARN_EMPTY_BODY = YES;
				CLANG_WARN_ENUM_CONVERSION = YES;
				CLANG_WARN_INFINITE_RECURSION = YES;
				CLANG_WARN_INT_CONVERSION = YES;
				CLANG_WARN_NON_LITERAL_NULL_CONVERSION = YES;
				CLANG_WARN_OBJC_LITERAL_CONVERSION = YES;
				CLANG_WARN_OBJC_ROOT_CLASS = YES_ERROR;
				CLANG_WARN_RANGE_LOOP_ANALYSIS = YES;
				CLANG_WARN_STRICT_PROTOTYPES = YES;
				CLANG_WARN_SUSPICIOUS_MOVE = YES;
				CLANG_WARN_UNGUARDED_AVAILABILITY = YES_AGGRESSIVE;
				CLANG_WARN_UNREACHABLE_CODE = YES;
				CLANG_WARN__DUPLICATE_METHOD_MATCH = YES;
				CODE_SIGN_IDENTITY = "iPhone Developer";
				COPY_PHASE_STRIP = NO;
				DEBUG_INFORMATION_FORMAT = "dwarf-with-dsym";
				ENABLE_NS_ASSERTIONS = NO;
				ENABLE_STRICT_OBJC_MSGSEND = YES;
				GCC_C_LANGUAGE_STANDARD = gnu11;
				GCC_NO_COMMON_BLOCKS = YES;
				GCC_WARN_64_TO_32_BIT_CONVERSION = YES;
				GCC_WARN_ABOUT_RETURN_TYPE = YES_ERROR;
				GCC_WARN_UNDECLARED_SELECTOR = YES;
				GCC_WARN_UNINITIALIZED_AUTOS = YES_AGGRESSIVE;
				GCC_WARN_UNUSED_FUNCTION = YES;
				GCC_WARN_UNUSED_VARIABLE = YES;
				IPHONEOS_DEPLOYMENT_TARGET = 11.0;
				MTL_ENABLE_DEBUG_INFO = NO;
				SDKROOT = iphoneos;
				VALIDATE_PRODUCT = YES;
			};
			name = Release;
		};
		7E7CB6D41F948E9800B54BA7 /* Debug */ = {
			isa = XCBuildConfiguration;
			baseConfigurationReference = FF2781EC87A40E9D954183BC /* Pods-AXRecharge.debug.xcconfig */;
			buildSettings = {
				ASSETCATALOG_COMPILER_APPICON_NAME = AppIcon;
				CODE_SIGN_STYLE = Automatic;
				DEVELOPMENT_TEAM = 2WF494FH62;
				INFOPLIST_FILE = AXRecharge/Info.plist;
				IPHONEOS_DEPLOYMENT_TARGET = 8.0;
				LD_RUNPATH_SEARCH_PATHS = "$(inherited) @executable_path/Frameworks";
				PRODUCT_BUNDLE_IDENTIFIER = anxindeli.AXRecharge;
				PRODUCT_NAME = "$(TARGET_NAME)";
				TARGETED_DEVICE_FAMILY = "1,2";
			};
			name = Debug;
		};
		7E7CB6D51F948E9800B54BA7 /* Release */ = {
			isa = XCBuildConfiguration;
			baseConfigurationReference = E994B2C88A0DFC7F349DABF8 /* Pods-AXRecharge.release.xcconfig */;
			buildSettings = {
				ASSETCATALOG_COMPILER_APPICON_NAME = AppIcon;
				CODE_SIGN_STYLE = Automatic;
				DEVELOPMENT_TEAM = 2WF494FH62;
				INFOPLIST_FILE = AXRecharge/Info.plist;
				IPHONEOS_DEPLOYMENT_TARGET = 8.0;
				LD_RUNPATH_SEARCH_PATHS = "$(inherited) @executable_path/Frameworks";
				PRODUCT_BUNDLE_IDENTIFIER = anxindeli.AXRecharge;
				PRODUCT_NAME = "$(TARGET_NAME)";
				TARGETED_DEVICE_FAMILY = "1,2";
			};
			name = Release;
		};
/* End XCBuildConfiguration section */

/* Begin XCConfigurationList section */
		7E7CB6B81F948E9800B54BA7 /* Build configuration list for PBXProject "AXRecharge" */ = {
			isa = XCConfigurationList;
			buildConfigurations = (
				7E7CB6D11F948E9800B54BA7 /* Debug */,
				7E7CB6D21F948E9800B54BA7 /* Release */,
			);
			defaultConfigurationIsVisible = 0;
			defaultConfigurationName = Release;
		};
		7E7CB6D31F948E9800B54BA7 /* Build configuration list for PBXNativeTarget "AXRecharge" */ = {
			isa = XCConfigurationList;
			buildConfigurations = (
				7E7CB6D41F948E9800B54BA7 /* Debug */,
				7E7CB6D51F948E9800B54BA7 /* Release */,
			);
			defaultConfigurationIsVisible = 0;
			defaultConfigurationName = Release;
		};
/* End XCConfigurationList section */
	};
	rootObject = 7E7CB6B51F948E9800B54BA7 /* Project object */;
}
